
Microsoft Visual Studio Solution File, Format Version 12.00
# Visual Studio Version 16
VisualStudioVersion = 16.0.31112.23
MinimumVisualStudioVersion = 10.0.40219.1
Project("{9A19103F-16F7-4668-BE54-9A1E7A4F7556}") = "appSettingsEditorAPI", "appSettingEditorAPI\appSettingsEditorAPI.csproj", "{95056D02-DBBF-47A9-BD61-4923D2DB9403}"
EndProject
Project("{9A19103F-16F7-4668-BE54-9A1E7A4F7556}") = "appSettingsEditor", "appSettingsEditor\appSettingsEditor.csproj", "{B2E9D2E4-1E2D-4752-9A9B-5264CC9BA2E8}"
EndProject
Project("{9A19103F-16F7-4668-BE54-9A1E7A4F7556}") = "TestEditor", "TestEditor\TestEditor.csproj", "{5BF8350F-2B78-42E8-9676-DDDCB4CBBA07}"
EndProject
Global
	GlobalSection(SolutionConfigurationPlatforms) = preSolution
		Debug|Any CPU = Debug|Any CPU
		Release|Any CPU = Release|Any CPU
	EndGlobalSection
	GlobalSection(ProjectConfigurationPlatforms) = postSolution
		{95056D02-DBBF-47A9-BD61-4923D2DB9403}.Debug|Any CPU.ActiveCfg = Debug|Any CPU
		{95056D02-DBBF-47A9-BD61-4923D2DB9403}.Debug|Any CPU.Build.0 = Debug|Any CPU
		{95056D02-DBBF-47A9-BD61-4923D2DB9403}.Release|Any CPU.ActiveCfg = Release|Any CPU
		{95056D02-DBBF-47A9-BD61-4923D2DB9403}.Release|Any CPU.Build.0 = Release|Any CPU
		{B2E9D2E4-1E2D-4752-9A9B-5264CC9BA2E8}.Debug|Any CPU.ActiveCfg = Debug|Any CPU
		{B2E9D2E4-1E2D-4752-9A9B-5264CC9BA2E8}.Debug|Any CPU.Build.0 = Debug|Any CPU
		{B2E9D2E4-1E2D-4752-9A9B-5264CC9BA2E8}.Release|Any CPU.ActiveCfg = Release|Any CPU
		{B2E9D2E4-1E2D-4752-9A9B-5264CC9BA2E8}.Release|Any CPU.Build.0 = Release|Any CPU
		{5BF8350F-2B78-42E8-9676-DDDCB4CBBA07}.Debug|Any CPU.ActiveCfg = Debug|Any CPU
		{5BF8350F-2B78-42E8-9676-DDDCB4CBBA07}.Debug|Any CPU.Build.0 = Debug|Any CPU
		{5BF8350F-2B78-42E8-9676-DDDCB4CBBA07}.Release|Any CPU.ActiveCfg = Release|Any CPU
		{5BF8350F-2B78-42E8-9676-DDDCB4CBBA07}.Release|Any CPU.Build.0 = Release|Any CPU
	EndGlobalSection
	GlobalSection(SolutionProperties) = preSolution
		HideSolutionNode = FALSE
	EndGlobalSection
	GlobalSection(ExtensibilityGlobals) = postSolution
		SolutionGuid = {85C4257C-33C5-4BA9-960D-154C4B710B7A}
	EndGlobalSection
EndGlobal
